
Microsoft Visual Studio Solution File, Format Version 12.00
# Visual Studio 15
VisualStudioVersion = 15.0.27130.2010
MinimumVisualStudioVersion = 10.0.40219.1
Project("{2150E333-8FDC-42A3-9474-1A3956D46DE8}") = "Solution Items", "Solution Items", "{38FDEC3B-42F5-4408-A94D-9631DA616FCB}"
	ProjectSection(SolutionItems) = preProject
		appveyor.yml = appveyor.yml
		NuGet.Config = NuGet.Config
		README.md = README.md
	EndProjectSection
EndProject
Project("{2150E333-8FDC-42A3-9474-1A3956D46DE8}") = "src", "src", "{362BBF4F-5803-4600-B759-DB2C36E6A6B5}"
EndProject
Project("{9A19103F-16F7-4668-BE54-9A1E7A4F7556}") = "toofz.ActivityTracing", "src\toofz.ActivityTracing\toofz.ActivityTracing.csproj", "{F3E5784D-62F8-43F9-A533-96C45A0DF9F3}"
EndProject
Project("{2150E333-8FDC-42A3-9474-1A3956D46DE8}") = "test", "test", "{DB571225-0C4C-4B75-B5B6-2461369D9B7C}"
EndProject
Project("{9A19103F-16F7-4668-BE54-9A1E7A4F7556}") = "toofz.ActivityTracing.Tests", "test\toofz.ActivityTracing.Tests\toofz.ActivityTracing.Tests.csproj", "{8D543FCD-5F3A-4D4D-8663-ABD67AE4AA8D}"
EndProject
Global
	GlobalSection(SolutionConfigurationPlatforms) = preSolution
		Debug|Any CPU = Debug|Any CPU
		Release|Any CPU = Release|Any CPU
	EndGlobalSection
	GlobalSection(ProjectConfigurationPlatforms) = postSolution
		{F3E5784D-62F8-43F9-A533-96C45A0DF9F3}.Debug|Any CPU.ActiveCfg = Debug|Any CPU
		{F3E5784D-62F8-43F9-A533-96C45A0DF9F3}.Debug|Any CPU.Build.0 = Debug|Any CPU
		{F3E5784D-62F8-43F9-A533-96C45A0DF9F3}.Release|Any CPU.ActiveCfg = Release|Any CPU
		{F3E5784D-62F8-43F9-A533-96C45A0DF9F3}.Release|Any CPU.Build.0 = Release|Any CPU
		{8D543FCD-5F3A-4D4D-8663-ABD67AE4AA8D}.Debug|Any CPU.ActiveCfg = Debug|Any CPU
		{8D543FCD-5F3A-4D4D-8663-ABD67AE4AA8D}.Debug|Any CPU.Build.0 = Debug|Any CPU
		{8D543FCD-5F3A-4D4D-8663-ABD67AE4AA8D}.Release|Any CPU.ActiveCfg = Release|Any CPU
		{8D543FCD-5F3A-4D4D-8663-ABD67AE4AA8D}.Release|Any CPU.Build.0 = Release|Any CPU
	EndGlobalSection
	GlobalSection(SolutionProperties) = preSolution
		HideSolutionNode = FALSE
	EndGlobalSection
	GlobalSection(NestedProjects) = preSolution
		{F3E5784D-62F8-43F9-A533-96C45A0DF9F3} = {362BBF4F-5803-4600-B759-DB2C36E6A6B5}
		{8D543FCD-5F3A-4D4D-8663-ABD67AE4AA8D} = {DB571225-0C4C-4B75-B5B6-2461369D9B7C}
	EndGlobalSection
	GlobalSection(ExtensibilityGlobals) = postSolution
		SolutionGuid = {ABB04153-7DF5-4C4C-A9AC-72050CEC1BC8}
	EndGlobalSection
EndGlobal
